
Microsoft Visual Studio Solution File, Format Version 12.00
# Visual Studio Version 16
VisualStudioVersion = 16.0.31515.178
MinimumVisualStudioVersion = 10.0.40219.1
Project("{FAE04EC0-301F-11D3-BF4B-00C04F79EFBC}") = "NetCoreCRUDAjax", "NetCoreCRUDAjax\NetCoreCRUDAjax.csproj", "{878F2ADA-E358-4BEE-B98B-CBD67071B03E}"
EndProject
Global
	GlobalSection(SolutionConfigurationPlatforms) = preSolution
		Debug|Any CPU = Debug|Any CPU
		Release|Any CPU = Release|Any CPU
	EndGlobalSection
	GlobalSection(ProjectConfigurationPlatforms) = postSolution
		{878F2ADA-E358-4BEE-B98B-CBD67071B03E}.Debug|Any CPU.ActiveCfg = Debug|Any CPU
		{878F2ADA-E358-4BEE-B98B-CBD67071B03E}.Debug|Any CPU.Build.0 = Debug|Any CPU
		{878F2ADA-E358-4BEE-B98B-CBD67071B03E}.Release|Any CPU.ActiveCfg = Release|Any CPU
		{878F2ADA-E358-4BEE-B98B-CBD67071B03E}.Release|Any CPU.Build.0 = Release|Any CPU
	EndGlobalSection
	GlobalSection(SolutionProperties) = preSolution
		HideSolutionNode = FALSE
	EndGlobalSection
	GlobalSection(ExtensibilityGlobals) = postSolution
		SolutionGuid = {21423E62-CF4E-4A6B-91AA-96D222EA65EC}
	EndGlobalSection
EndGlobal
